
Microsoft Visual Studio Solution File, Format Version 12.00
# Visual Studio 15
VisualStudioVersion = 15.0.26124.0
MinimumVisualStudioVersion = 15.0.26124.0
Project("{FAE04EC0-301F-11D3-BF4B-00C04F79EFBC}") = "Heart.API", "Heart.API\Heart.API.csproj", "{B31B2B53-32F9-4E3F-878B-E4E273DABFCC}"
EndProject
Project("{FAE04EC0-301F-11D3-BF4B-00C04F79EFBC}") = "Heart.Domain", "Heart.Domain\Heart.Domain.csproj", "{1FB4E3FE-1CA1-4B4E-8754-1EE5943A9681}"
EndProject
Project("{FAE04EC0-301F-11D3-BF4B-00C04F79EFBC}") = "Heart.Infra", "Heart.Infra\Heart.Infra.csproj", "{AC76CD67-1F2C-4D10-A7D0-547C767E9D07}"
EndProject
Project("{FAE04EC0-301F-11D3-BF4B-00C04F79EFBC}") = "Heart.Services", "Heart.Services\Heart.Services.csproj", "{BEABB6AF-2412-43DA-A462-5A1E34C5B615}"
EndProject
Project("{FAE04EC0-301F-11D3-BF4B-00C04F79EFBC}") = "Heart.Core", "Heart.Core\Heart.Core.csproj", "{0FC01257-6281-4448-92C2-1D8F60EEBD26}"
EndProject
Global
	GlobalSection(SolutionConfigurationPlatforms) = preSolution
		Debug|Any CPU = Debug|Any CPU
		Debug|x64 = Debug|x64
		Debug|x86 = Debug|x86
		Release|Any CPU = Release|Any CPU
		Release|x64 = Release|x64
		Release|x86 = Release|x86
	EndGlobalSection
	GlobalSection(SolutionProperties) = preSolution
		HideSolutionNode = FALSE
	EndGlobalSection
	GlobalSection(ProjectConfigurationPlatforms) = postSolution
		{B31B2B53-32F9-4E3F-878B-E4E273DABFCC}.Debug|Any CPU.ActiveCfg = Debug|Any CPU
		{B31B2B53-32F9-4E3F-878B-E4E273DABFCC}.Debug|Any CPU.Build.0 = Debug|Any CPU
		{B31B2B53-32F9-4E3F-878B-E4E273DABFCC}.Debug|x64.ActiveCfg = Debug|Any CPU
		{B31B2B53-32F9-4E3F-878B-E4E273DABFCC}.Debug|x64.Build.0 = Debug|Any CPU
		{B31B2B53-32F9-4E3F-878B-E4E273DABFCC}.Debug|x86.ActiveCfg = Debug|Any CPU
		{B31B2B53-32F9-4E3F-878B-E4E273DABFCC}.Debug|x86.Build.0 = Debug|Any CPU
		{B31B2B53-32F9-4E3F-878B-E4E273DABFCC}.Release|Any CPU.ActiveCfg = Release|Any CPU
		{B31B2B53-32F9-4E3F-878B-E4E273DABFCC}.Release|Any CPU.Build.0 = Release|Any CPU
		{B31B2B53-32F9-4E3F-878B-E4E273DABFCC}.Release|x64.ActiveCfg = Release|Any CPU
		{B31B2B53-32F9-4E3F-878B-E4E273DABFCC}.Release|x64.Build.0 = Release|Any CPU
		{B31B2B53-32F9-4E3F-878B-E4E273DABFCC}.Release|x86.ActiveCfg = Release|Any CPU
		{B31B2B53-32F9-4E3F-878B-E4E273DABFCC}.Release|x86.Build.0 = Release|Any CPU
		{1FB4E3FE-1CA1-4B4E-8754-1EE5943A9681}.Debug|Any CPU.ActiveCfg = Debug|Any CPU
		{1FB4E3FE-1CA1-4B4E-8754-1EE5943A9681}.Debug|Any CPU.Build.0 = Debug|Any CPU
		{1FB4E3FE-1CA1-4B4E-8754-1EE5943A9681}.Debug|x64.ActiveCfg = Debug|Any CPU
		{1FB4E3FE-1CA1-4B4E-8754-1EE5943A9681}.Debug|x64.Build.0 = Debug|Any CPU
		{1FB4E3FE-1CA1-4B4E-8754-1EE5943A9681}.Debug|x86.ActiveCfg = Debug|Any CPU
		{1FB4E3FE-1CA1-4B4E-8754-1EE5943A9681}.Debug|x86.Build.0 = Debug|Any CPU
		{1FB4E3FE-1CA1-4B4E-8754-1EE5943A9681}.Release|Any CPU.ActiveCfg = Release|Any CPU
		{1FB4E3FE-1CA1-4B4E-8754-1EE5943A9681}.Release|Any CPU.Build.0 = Release|Any CPU
		{1FB4E3FE-1CA1-4B4E-8754-1EE5943A9681}.Release|x64.ActiveCfg = Release|Any CPU
		{1FB4E3FE-1CA1-4B4E-8754-1EE5943A9681}.Release|x64.Build.0 = Release|Any CPU
		{1FB4E3FE-1CA1-4B4E-8754-1EE5943A9681}.Release|x86.ActiveCfg = Release|Any CPU
		{1FB4E3FE-1CA1-4B4E-8754-1EE5943A9681}.Release|x86.Build.0 = Release|Any CPU
		{AC76CD67-1F2C-4D10-A7D0-547C767E9D07}.Debug|Any CPU.ActiveCfg = Debug|Any CPU
		{AC76CD67-1F2C-4D10-A7D0-547C767E9D07}.Debug|Any CPU.Build.0 = Debug|Any CPU
		{AC76CD67-1F2C-4D10-A7D0-547C767E9D07}.Debug|x64.ActiveCfg = Debug|Any CPU
		{AC76CD67-1F2C-4D10-A7D0-547C767E9D07}.Debug|x64.Build.0 = Debug|Any CPU
		{AC76CD67-1F2C-4D10-A7D0-547C767E9D07}.Debug|x86.ActiveCfg = Debug|Any CPU
		{AC76CD67-1F2C-4D10-A7D0-547C767E9D07}.Debug|x86.Build.0 = Debug|Any CPU
		{AC76CD67-1F2C-4D10-A7D0-547C767E9D07}.Release|Any CPU.ActiveCfg = Release|Any CPU
		{AC76CD67-1F2C-4D10-A7D0-547C767E9D07}.Release|Any CPU.Build.0 = Release|Any CPU
		{AC76CD67-1F2C-4D10-A7D0-547C767E9D07}.Release|x64.ActiveCfg = Release|Any CPU
		{AC76CD67-1F2C-4D10-A7D0-547C767E9D07}.Release|x64.Build.0 = Release|Any CPU
		{AC76CD67-1F2C-4D10-A7D0-547C767E9D07}.Release|x86.ActiveCfg = Release|Any CPU
		{AC76CD67-1F2C-4D10-A7D0-547C767E9D07}.Release|x86.Build.0 = Release|Any CPU
		{BEABB6AF-2412-43DA-A462-5A1E34C5B615}.Debug|Any CPU.ActiveCfg = Debug|Any CPU
		{BEABB6AF-2412-43DA-A462-5A1E34C5B615}.Debug|Any CPU.Build.0 = Debug|Any CPU
		{BEABB6AF-2412-43DA-A462-5A1E34C5B615}.Debug|x64.ActiveCfg = Debug|Any CPU
		{BEABB6AF-2412-43DA-A462-5A1E34C5B615}.Debug|x64.Build.0 = Debug|Any CPU
		{BEABB6AF-2412-43DA-A462-5A1E34C5B615}.Debug|x86.ActiveCfg = Debug|Any CPU
		{BEABB6AF-2412-43DA-A462-5A1E34C5B615}.Debug|x86.Build.0 = Debug|Any CPU
		{BEABB6AF-2412-43DA-A462-5A1E34C5B615}.Release|Any CPU.ActiveCfg = Release|Any CPU
		{BEABB6AF-2412-43DA-A462-5A1E34C5B615}.Release|Any CPU.Build.0 = Release|Any CPU
		{BEABB6AF-2412-43DA-A462-5A1E34C5B615}.Release|x64.ActiveCfg = Release|Any CPU
		{BEABB6AF-2412-43DA-A462-5A1E34C5B615}.Release|x64.Build.0 = Release|Any CPU
		{BEABB6AF-2412-43DA-A462-5A1E34C5B615}.Release|x86.ActiveCfg = Release|Any CPU
		{BEABB6AF-2412-43DA-A462-5A1E34C5B615}.Release|x86.Build.0 = Release|Any CPU
		{0FC01257-6281-4448-92C2-1D8F60EEBD26}.Debug|Any CPU.ActiveCfg = Debug|Any CPU
		{0FC01257-6281-4448-92C2-1D8F60EEBD26}.Debug|Any CPU.Build.0 = Debug|Any CPU
		{0FC01257-6281-4448-92C2-1D8F60EEBD26}.Debug|x64.ActiveCfg = Debug|Any CPU
		{0FC01257-6281-4448-92C2-1D8F60EEBD26}.Debug|x64.Build.0 = Debug|Any CPU
		{0FC01257-6281-4448-92C2-1D8F60EEBD26}.Debug|x86.ActiveCfg = Debug|Any CPU
		{0FC01257-6281-4448-92C2-1D8F60EEBD26}.Debug|x86.Build.0 = Debug|Any CPU
		{0FC01257-6281-4448-92C2-1D8F60EEBD26}.Release|Any CPU.ActiveCfg = Release|Any CPU
		{0FC01257-6281-4448-92C2-1D8F60EEBD26}.Release|Any CPU.Build.0 = Release|Any CPU
		{0FC01257-6281-4448-92C2-1D8F60EEBD26}.Release|x64.ActiveCfg = Release|Any CPU
		{0FC01257-6281-4448-92C2-1D8F60EEBD26}.Release|x64.Build.0 = Release|Any CPU
		{0FC01257-6281-4448-92C2-1D8F60EEBD26}.Release|x86.ActiveCfg = Release|Any CPU
		{0FC01257-6281-4448-92C2-1D8F60EEBD26}.Release|x86.Build.0 = Release|Any CPU
	EndGlobalSection
EndGlobal
